
Microsoft Visual Studio Solution File, Format Version 12.00
# Visual Studio Version 17
VisualStudioVersion = 17.9.34723.18
MinimumVisualStudioVersion = 10.0.40219.1
Project("{FAE04EC0-301F-11D3-BF4B-00C04F79EFBC}") = "HouseSpotter.Server", "HouseSpotter.Server\HouseSpotter.Server.csproj", "{0552402D-B130-4C43-A77D-56F3BCB64B6A}"
EndProject
Project("{54A90642-561A-4BB1-A94E-469ADEE60C69}") = "housespotter.client", "housespotter.client\housespotter.client.esproj", "{F93E0FDB-16C6-447D-B189-796CB3BC72C1}"
EndProject
Project("{2150E333-8FDC-42A3-9474-1A3956D46DE8}") = "Tests", "Tests", "{BC5F1481-6A44-4D49-B778-7D255C855C1B}"
EndProject
Project("{FAE04EC0-301F-11D3-BF4B-00C04F79EFBC}") = "HouseSpotter.Unit", "Tests\HouseSpotter.Unit\HouseSpotter.Unit.csproj", "{E4E0AB27-D605-4B69-9D00-BD96CFDE1CAF}"
EndProject
Global
	GlobalSection(SolutionConfigurationPlatforms) = preSolution
		Debug|Any CPU = Debug|Any CPU
		Release|Any CPU = Release|Any CPU
	EndGlobalSection
	GlobalSection(ProjectConfigurationPlatforms) = postSolution
		{0552402D-B130-4C43-A77D-56F3BCB64B6A}.Debug|Any CPU.ActiveCfg = Debug|Any CPU
		{0552402D-B130-4C43-A77D-56F3BCB64B6A}.Debug|Any CPU.Build.0 = Debug|Any CPU
		{0552402D-B130-4C43-A77D-56F3BCB64B6A}.Release|Any CPU.ActiveCfg = Release|Any CPU
		{0552402D-B130-4C43-A77D-56F3BCB64B6A}.Release|Any CPU.Build.0 = Release|Any CPU
		{F93E0FDB-16C6-447D-B189-796CB3BC72C1}.Debug|Any CPU.ActiveCfg = Debug|Any CPU
		{F93E0FDB-16C6-447D-B189-796CB3BC72C1}.Debug|Any CPU.Build.0 = Debug|Any CPU
		{F93E0FDB-16C6-447D-B189-796CB3BC72C1}.Debug|Any CPU.Deploy.0 = Debug|Any CPU
		{F93E0FDB-16C6-447D-B189-796CB3BC72C1}.Release|Any CPU.ActiveCfg = Release|Any CPU
		{F93E0FDB-16C6-447D-B189-796CB3BC72C1}.Release|Any CPU.Build.0 = Release|Any CPU
		{F93E0FDB-16C6-447D-B189-796CB3BC72C1}.Release|Any CPU.Deploy.0 = Release|Any CPU
		{E4E0AB27-D605-4B69-9D00-BD96CFDE1CAF}.Debug|Any CPU.ActiveCfg = Debug|Any CPU
		{E4E0AB27-D605-4B69-9D00-BD96CFDE1CAF}.Debug|Any CPU.Build.0 = Debug|Any CPU
		{E4E0AB27-D605-4B69-9D00-BD96CFDE1CAF}.Release|Any CPU.ActiveCfg = Release|Any CPU
		{E4E0AB27-D605-4B69-9D00-BD96CFDE1CAF}.Release|Any CPU.Build.0 = Release|Any CPU
	EndGlobalSection
	GlobalSection(SolutionProperties) = preSolution
		HideSolutionNode = FALSE
	EndGlobalSection
	GlobalSection(ExtensibilityGlobals) = postSolution
		SolutionGuid = {0EBFC5D3-8971-416D-8D54-38CFB498C128}
	EndGlobalSection
	GlobalSection(NestedProjects) = preSolution
		{E4E0AB27-D605-4B69-9D00-BD96CFDE1CAF} = {BC5F1481-6A44-4D49-B778-7D255C855C1B}
	EndGlobalSection
EndGlobal
